
Microsoft Visual Studio Solution File, Format Version 12.00
# Visual Studio 15
VisualStudioVersion = 15.0.27004.2009
MinimumVisualStudioVersion = 10.0.40219.1
Project("{9092AA53-FB77-4645-B42D-1CCCA6BD08BD}") = "BotFrameworkTest", "BotFrameworkTest\BotFrameworkTest.njsproj", "{1ADB8964-F32E-428A-B13F-3189576336A4}"
EndProject
Global
	GlobalSection(SolutionConfigurationPlatforms) = preSolution
		Debug|Any CPU = Debug|Any CPU
		Release|Any CPU = Release|Any CPU
	EndGlobalSection
	GlobalSection(ProjectConfigurationPlatforms) = postSolution
		{1ADB8964-F32E-428A-B13F-3189576336A4}.Debug|Any CPU.ActiveCfg = Debug|Any CPU
		{1ADB8964-F32E-428A-B13F-3189576336A4}.Debug|Any CPU.Build.0 = Debug|Any CPU
		{1ADB8964-F32E-428A-B13F-3189576336A4}.Release|Any CPU.ActiveCfg = Release|Any CPU
		{1ADB8964-F32E-428A-B13F-3189576336A4}.Release|Any CPU.Build.0 = Release|Any CPU
	EndGlobalSection
	GlobalSection(SolutionProperties) = preSolution
		HideSolutionNode = FALSE
	EndGlobalSection
	GlobalSection(ExtensibilityGlobals) = postSolution
		SolutionGuid = {02A21C77-C950-4627-B0A0-4A7D17D341CA}
	EndGlobalSection
EndGlobal
